{
  "nodes": {
    "emacs-overlay": {
      "locked": {
        "lastModified": 1651032436,
        "narHash": "sha256-DBtL4apQ/lV0xUw2NxqIWpwBYdONxgW/Iv0qtWUglF8=",
        "owner": "nix-community",
        "repo": "emacs-overlay",
        "rev": "c96b4e694a1307d805b20fc9d7ddd0fcc0c8619b",
        "type": "github"
      },
      "original": {
        "owner": "nix-community",
        "repo": "emacs-overlay",
        "type": "github"
      }
    },
    "flake-utils": {
      "locked": {
        "lastModified": 1649676176,
        "narHash": "sha256-OWKJratjt2RW151VUlJPRALb7OU2S5s+f0vLj4o1bHM=",
        "owner": "numtide",
        "repo": "flake-utils",
        "rev": "a4b154ebbdc88c8498a5c7b01589addc9e9cb678",
        "type": "github"
      },
      "original": {
        "owner": "numtide",
        "repo": "flake-utils",
        "type": "github"
      }
    },
    "nixpkgs": {
      "locked": {
        "lastModified": 1651039246,
        "narHash": "sha256-jd/O6nE+nyryH47vNMGmfE1GXoOgS1xtObpDTc2DdkU=",
        "owner": "michaeladler",
        "repo": "nixpkgs",
        "rev": "cce42e17fc2bca22839842affe7f019e180909bb",
        "type": "github"
      },
      "original": {
        "owner": "michaeladler",
        "ref": "nixos-unstable",
        "repo": "nixpkgs",
        "type": "github"
      }
    },
    "nur": {
      "locked": {
        "lastModified": 1651032261,
        "narHash": "sha256-zQfl7AdhU0BA9hF5fUayY38CHg+DULSKBRAV4RzfWXo=",
        "owner": "nix-community",
        "repo": "NUR",
        "rev": "4edcdd727f59d6be0c6fb3fd95c476cbe2c44774",
        "type": "github"
      },
      "original": {
        "owner": "nix-community",
        "repo": "NUR",
        "type": "github"
      }
    },
    "root": {
      "inputs": {
        "emacs-overlay": "emacs-overlay",
        "flake-utils": "flake-utils",
        "nixpkgs": "nixpkgs",
        "nur": "nur"
      }
    }
  },
  "root": "root",
  "version": 7
}
