{
  "nodes": {
    "flake-utils": {
      "locked": {
        "lastModified": 1676283394,
        "narHash": "sha256-XX2f9c3iySLCw54rJ/CZs+ZK6IQy7GXNY4nSOyu2QG4=",
        "owner": "numtide",
        "repo": "flake-utils",
        "rev": "3db36a8b464d0c4532ba1c7dda728f4576d6d073",
        "type": "github"
      },
      "original": {
        "owner": "numtide",
        "repo": "flake-utils",
        "type": "github"
      }
    },
    "nixpkgs": {
      "locked": {
        "lastModified": 1676617372,
        "narHash": "sha256-iaL+3D3OK2ixP1C/WJcEriTxWHlAkdIk63p8PS2KSC4=",
        "owner": "michaeladler",
        "repo": "nixpkgs",
        "rev": "73cb2f8b6b36029a97c507fc6aae640d771e2e4e",
        "type": "github"
      },
      "original": {
        "owner": "michaeladler",
        "ref": "nixos-unstable",
        "repo": "nixpkgs",
        "type": "github"
      }
    },
    "nur": {
      "locked": {
        "lastModified": 1676616525,
        "narHash": "sha256-KmummxbhXIP9gQdxwfNUR6NNm020SBihRoPd4fBJhyE=",
        "owner": "nix-community",
        "repo": "NUR",
        "rev": "70b1947e00dec6eb13c005fb7cd68859f5473e39",
        "type": "github"
      },
      "original": {
        "id": "nur",
        "type": "indirect"
      }
    },
    "root": {
      "inputs": {
        "flake-utils": "flake-utils",
        "nixpkgs": "nixpkgs",
        "nur": "nur"
      }
    }
  },
  "root": "root",
  "version": 7
}
