{
  "nodes": {
    "flake-utils": {
      "locked": {
        "lastModified": 1667395993,
        "narHash": "sha256-nuEHfE/LcWyuSWnS8t12N1wc105Qtau+/OdUAjtQ0rA=",
        "owner": "numtide",
        "repo": "flake-utils",
        "rev": "5aed5285a952e0b949eb3ba02c12fa4fcfef535f",
        "type": "github"
      },
      "original": {
        "owner": "numtide",
        "repo": "flake-utils",
        "type": "github"
      }
    },
    "nixpkgs": {
      "locked": {
        "lastModified": 1674035410,
        "narHash": "sha256-tGC5LOcYBbzbnQ8geIAnPdJliN61gk8NWrjaDyXDsiw=",
        "owner": "michaeladler",
        "repo": "nixpkgs",
        "rev": "2d7bedb3b264704a1e5e85234333148e8275a462",
        "type": "github"
      },
      "original": {
        "owner": "michaeladler",
        "ref": "nixos-unstable",
        "repo": "nixpkgs",
        "type": "github"
      }
    },
    "nur": {
      "locked": {
        "lastModified": 1674035258,
        "narHash": "sha256-Vrhgl48xGheSnXH2JPSSF1vgvh7d7gCQ7GlhvF8z8ho=",
        "owner": "nix-community",
        "repo": "NUR",
        "rev": "4d0cc1d259083861c68298566ed34772dd57e4d9",
        "type": "github"
      },
      "original": {
        "id": "nur",
        "type": "indirect"
      }
    },
    "root": {
      "inputs": {
        "flake-utils": "flake-utils",
        "nixpkgs": "nixpkgs",
        "nur": "nur"
      }
    }
  },
  "root": "root",
  "version": 7
}
